
Microsoft Visual Studio Solution File, Format Version 12.00
# Visual Studio Version 17
VisualStudioVersion = 17.9.34723.18
MinimumVisualStudioVersion = 10.0.40219.1
Project("{FAE04EC0-301F-11D3-BF4B-00C04F79EFBC}") = "HW17", "HW17\HW17.csproj", "{155122E6-488B-49AD-AAB9-358F8C127368}"
EndProject
Global
	GlobalSection(SolutionConfigurationPlatforms) = preSolution
		Debug|Any CPU = Debug|Any CPU
		Release|Any CPU = Release|Any CPU
	EndGlobalSection
	GlobalSection(ProjectConfigurationPlatforms) = postSolution
		{155122E6-488B-49AD-AAB9-358F8C127368}.Debug|Any CPU.ActiveCfg = Debug|Any CPU
		{155122E6-488B-49AD-AAB9-358F8C127368}.Debug|Any CPU.Build.0 = Debug|Any CPU
		{155122E6-488B-49AD-AAB9-358F8C127368}.Release|Any CPU.ActiveCfg = Release|Any CPU
		{155122E6-488B-49AD-AAB9-358F8C127368}.Release|Any CPU.Build.0 = Release|Any CPU
	EndGlobalSection
	GlobalSection(SolutionProperties) = preSolution
		HideSolutionNode = FALSE
	EndGlobalSection
	GlobalSection(ExtensibilityGlobals) = postSolution
		SolutionGuid = {EEFA6665-C62E-424E-8711-52EDCD0B1EC4}
	EndGlobalSection
EndGlobal
